PODS:
  - CPJSONRPC (0.1.0)
  - Kiwi (2.4.0)

DEPENDENCIES:
  - CPJSONRPC (from `../`)
  - Kiwi

EXTERNAL SOURCES:
  CPJSONRPC:
    :path: "../"

SPEC CHECKSUMS:
  CPJSONRPC: 335320fa535ed2368f3b4e6b68230bab64b69a84
  Kiwi: f49c9d54b28917df5928fe44968a39ed198cb8a8

PODFILE CHECKSUM: f3b9b557449a4eec33315b2e50f0c47f643315a9

COCOAPODS: 1.0.1
